PODS:
  - Masonry (1.1.0)
  - QYStepperView (0.1.1):
    - Masonry

DEPENDENCIES:
  - QYStepperView (from `../`)

SPEC REPOS:
  trunk:
    - Masonry

EXTERNAL SOURCES:
  QYStepperView:
    :path: "../"

SPEC CHECKSUMS:
  Masonry: 678fab65091a9290e40e2832a55e7ab731aad201
  QYStepperView: 6ae24f926415f8e5f1cffa737477918771f5399d

PODFILE CHECKSUM: e07ba766b4218d1348494a30d2b366866a584f9a

COCOAPODS: 1.11.3
